
Microsoft Visual Studio Solution File, Format Version 12.00
# Visual Studio 15
VisualStudioVersion = 15.0.28307.1500
MinimumVisualStudioVersion = 10.0.40219.1
Project("{8BC9CEB8-8B4A-11D0-8D11-00A0C91BC942}") = "ExchangeModel", "ExchangeModel\ExchangeModel.vcxproj", "{A6351592-3DCC-4676-826B-6D37E752CACC}"
EndProject
Global
	GlobalSection(SolutionConfigurationPlatforms) = preSolution
		Debug|x64 = Debug|x64
		Debug|x86 = Debug|x86
		Release|x64 = Release|x64
		Release|x86 = Release|x86
	EndGlobalSection
	GlobalSection(ProjectConfigurationPlatforms) = postSolution
		{A6351592-3DCC-4676-826B-6D37E752CACC}.Debug|x64.ActiveCfg = Debug|x64
		{A6351592-3DCC-4676-826B-6D37E752CACC}.Debug|x64.Build.0 = Debug|x64
		{A6351592-3DCC-4676-826B-6D37E752CACC}.Debug|x86.ActiveCfg = Debug|Win32
		{A6351592-3DCC-4676-826B-6D37E752CACC}.Debug|x86.Build.0 = Debug|Win32
		{A6351592-3DCC-4676-826B-6D37E752CACC}.Release|x64.ActiveCfg = Release|x64
		{A6351592-3DCC-4676-826B-6D37E752CACC}.Release|x64.Build.0 = Release|x64
		{A6351592-3DCC-4676-826B-6D37E752CACC}.Release|x86.ActiveCfg = Release|Win32
		{A6351592-3DCC-4676-826B-6D37E752CACC}.Release|x86.Build.0 = Release|Win32
	EndGlobalSection
	GlobalSection(SolutionProperties) = preSolution
		HideSolutionNode = FALSE
	EndGlobalSection
	GlobalSection(ExtensibilityGlobals) = postSolution
		SolutionGuid = {8B98EA11-9B49-4DEC-9E9D-EBB3C1FA00D6}
	EndGlobalSection
EndGlobal
